// !$*UTF8*$!
{
	archiveVersion = 1;
	classes = {
	};
	objectVersion = 56;
	objects = {

/* Begin PBXBuildFile section */
		CAA90C7C2994171C0013A654 /* AppDelegate.swift in Sources */ = {isa = PBXBuildFile; fileRef = CAA90C7B2994171C0013A654 /* AppDelegate.swift */; };
		CAA90C7E2994171C0013A654 /* SceneDelegate.swift in Sources */ = {isa = PBXBuildFile; fileRef = CAA90C7D2994171C0013A654 /* SceneDelegate.swift */; };
		CAA90C802994171C0013A654 /* DecisionController.swift in Sources */ = {isa = PBXBuildFile; fileRef = CAA90C7F2994171C0013A654 /* DecisionController.swift */; };
		CAA90C852994171E0013A654 /* Assets.xcassets in Resources */ = {isa = PBXBuildFile; fileRef = CAA90C842994171E0013A654 /* Assets.xcassets */; };
		CAA90C882994171E0013A654 /* LaunchScreen.storyboard in Resources */ = {isa = PBXBuildFile; fileRef = CAA90C862994171E0013A654 /* LaunchScreen.storyboard */; };
		CAA90C98299419BE0013A654 /* TinyConstraints in Frameworks */ = {isa = PBXBuildFile; productRef = CAA90C97299419BE0013A654 /* TinyConstraints */; };
		CAA90C9B29941ACD0013A654 /* UIColor+Ext.swift in Sources */ = {isa = PBXBuildFile; fileRef = CAA90C9A29941ACD0013A654 /* UIColor+Ext.swift */; };
		CAA90C9D29941AEE0013A654 /* UIFont+Ext.swift in Sources */ = {isa = PBXBuildFile; fileRef = CAA90C9C29941AEE0013A654 /* UIFont+Ext.swift */; };
		CAA90CB02994205B0013A654 /* Inter-SemiBold.ttf in Resources */ = {isa = PBXBuildFile; fileRef = CAA90CA72994205B0013A654 /* Inter-SemiBold.ttf */; };
		CAA90CB12994205B0013A654 /* Inter-ExtraLight.ttf in Resources */ = {isa = PBXBuildFile; fileRef = CAA90CA82994205B0013A654 /* Inter-ExtraLight.ttf */; };
		CAA90CB22994205B0013A654 /* Inter-Thin.ttf in Resources */ = {isa = PBXBuildFile; fileRef = CAA90CA92994205B0013A654 /* Inter-Thin.ttf */; };
		CAA90CB32994205B0013A654 /* Inter-Black.ttf in Resources */ = {isa = PBXBuildFile; fileRef = CAA90CAA2994205B0013A654 /* Inter-Black.ttf */; };
		CAA90CB42994205B0013A654 /* Inter-Regular.ttf in Resources */ = {isa = PBXBuildFile; fileRef = CAA90CAB2994205B0013A654 /* Inter-Regular.ttf */; };
		CAA90CB52994205B0013A654 /* Inter-ExtraBold.ttf in Resources */ = {isa = PBXBuildFile; fileRef = CAA90CAC2994205B0013A654 /* Inter-ExtraBold.ttf */; };
		CAA90CB62994205B0013A654 /* Inter-Bold.ttf in Resources */ = {isa = PBXBuildFile; fileRef = CAA90CAD2994205B0013A654 /* Inter-Bold.ttf */; };
		CAA90CB72994205B0013A654 /* Inter-Light.ttf in Resources */ = {isa = PBXBuildFile; fileRef = CAA90CAE2994205B0013A654 /* Inter-Light.ttf */; };
		CAA90CB82994205B0013A654 /* Inter-Medium.ttf in Resources */ = {isa = PBXBuildFile; fileRef = CAA90CAF2994205B0013A654 /* Inter-Medium.ttf */; };
		CABAA2EE29942F9300C5EBC6 /* segoeui.ttf in Resources */ = {isa = PBXBuildFile; fileRef = CABAA2ED29942F9300C5EBC6 /* segoeui.ttf */; };
		CABAA2F029942FCD00C5EBC6 /* segoeui-bold.ttf in Resources */ = {isa = PBXBuildFile; fileRef = CABAA2EF29942FCD00C5EBC6 /* segoeui-bold.ttf */; };
		CABAA2F3299430DD00C5EBC6 /* segoeui-semibold.ttf in Resources */ = {isa = PBXBuildFile; fileRef = CABAA2F129942FF500C5EBC6 /* segoeui-semibold.ttf */; };
		CABAA2F52994493200C5EBC6 /* SignUpController.swift in Sources */ = {isa = PBXBuildFile; fileRef = CABAA2F42994493200C5EBC6 /* SignUpController.swift */; };
		CABAA2F929945D1C00C5EBC6 /* UIImage+Ext.swift in Sources */ = {isa = PBXBuildFile; fileRef = CABAA2F829945D1C00C5EBC6 /* UIImage+Ext.swift */; };
		CABAA2FB299805F600C5EBC6 /* LoginController.swift in Sources */ = {isa = PBXBuildFile; fileRef = CABAA2FA299805F600C5EBC6 /* LoginController.swift */; };
		CABAA2FD2998107A00C5EBC6 /* TextField+Ext.swift in Sources */ = {isa = PBXBuildFile; fileRef = CABAA2FC2998107A00C5EBC6 /* TextField+Ext.swift */; };
		CABAA2FF2998340800C5EBC6 /* SignUpDetailController.swift in Sources */ = {isa = PBXBuildFile; fileRef = CABAA2FE2998340800C5EBC6 /* SignUpDetailController.swift */; };
		CABAA3032999609200C5EBC6 /* UIView+Ext.swift in Sources */ = {isa = PBXBuildFile; fileRef = CABAA3022999609200C5EBC6 /* UIView+Ext.swift */; };
		CABAA305299BCEE100C5EBC6 /* String+Ext.swift in Sources */ = {isa = PBXBuildFile; fileRef = CABAA304299BCEE100C5EBC6 /* String+Ext.swift */; };
		CABAA307299D34AA00C5EBC6 /* PinNumberController.swift in Sources */ = {isa = PBXBuildFile; fileRef = CABAA306299D34A900C5EBC6 /* PinNumberController.swift */; };
		CABAA30929A1941600C5EBC6 /* TermsController.swift in Sources */ = {isa = PBXBuildFile; fileRef = CABAA30829A1941600C5EBC6 /* TermsController.swift */; };
		CABAA30B29A19EB900C5EBC6 /* UIButton+Ext.swift in Sources */ = {isa = PBXBuildFile; fileRef = CABAA30A29A19EB900C5EBC6 /* UIButton+Ext.swift */; };
/* End PBXBuildFile section */

/* Begin PBXFileReference section */
		CAA90C782994171C0013A654 /* Project-Kwicky.app */ = {isa = PBXFileReference; explicitFileType = wrapper.application; includeInIndex = 0; path = "Project-Kwicky.app"; sourceTree = BUILT_PRODUCTS_DIR; };
		CAA90C7B2994171C0013A654 /* AppDelegate.swift */ = {isa = PBXFileReference; lastKnownFileType = sourcecode.swift; path = AppDelegate.swift; sourceTree = "<group>"; };
		CAA90C7D2994171C0013A654 /* SceneDelegate.swift */ = {isa = PBXFileReference; lastKnownFileType = sourcecode.swift; path = SceneDelegate.swift; sourceTree = "<group>"; };
		CAA90C7F2994171C0013A654 /* DecisionController.swift */ = {isa = PBXFileReference; lastKnownFileType = sourcecode.swift; path = DecisionController.swift; sourceTree = "<group>"; };
		CAA90C842994171E0013A654 /* Assets.xcassets */ = {isa = PBXFileReference; lastKnownFileType = folder.assetcatalog; path = Assets.xcassets; sourceTree = "<group>"; };
		CAA90C872994171E0013A654 /* Base */ = {isa = PBXFileReference; lastKnownFileType = file.storyboard; name = Base; path = Base.lproj/LaunchScreen.storyboard; sourceTree = "<group>"; };
		CAA90C892994171E0013A654 /* Info.plist */ = {isa = PBXFileReference; lastKnownFileType = text.plist.xml; path = Info.plist; sourceTree = "<group>"; };
		CAA90C9A29941ACD0013A654 /* UIColor+Ext.swift */ = {isa = PBXFileReference; lastKnownFileType = sourcecode.swift; path = "UIColor+Ext.swift"; sourceTree = "<group>"; };
		CAA90C9C29941AEE0013A654 /* UIFont+Ext.swift */ = {isa = PBXFileReference; lastKnownFileType = sourcecode.swift; path = "UIFont+Ext.swift"; sourceTree = "<group>"; };
		CAA90CA72994205B0013A654 /* Inter-SemiBold.ttf */ = {isa = PBXFileReference; lastKnownFileType = file; path = "Inter-SemiBold.ttf"; sourceTree = "<group>"; };
		CAA90CA82994205B0013A654 /* Inter-ExtraLight.ttf */ = {isa = PBXFileReference; lastKnownFileType = file; path = "Inter-ExtraLight.ttf"; sourceTree = "<group>"; };
		CAA90CA92994205B0013A654 /* Inter-Thin.ttf */ = {isa = PBXFileReference; lastKnownFileType = file; path = "Inter-Thin.ttf"; sourceTree = "<group>"; };
		CAA90CAA2994205B0013A654 /* Inter-Black.ttf */ = {isa = PBXFileReference; lastKnownFileType = file; path = "Inter-Black.ttf"; sourceTree = "<group>"; };
		CAA90CAB2994205B0013A654 /* Inter-Regular.ttf */ = {isa = PBXFileReference; lastKnownFileType = file; path = "Inter-Regular.ttf"; sourceTree = "<group>"; };
		CAA90CAC2994205B0013A654 /* Inter-ExtraBold.ttf */ = {isa = PBXFileReference; lastKnownFileType = file; path = "Inter-ExtraBold.ttf"; sourceTree = "<group>"; };
		CAA90CAD2994205B0013A654 /* Inter-Bold.ttf */ = {isa = PBXFileReference; lastKnownFileType = file; path = "Inter-Bold.ttf"; sourceTree = "<group>"; };
		CAA90CAE2994205B0013A654 /* Inter-Light.ttf */ = {isa = PBXFileReference; lastKnownFileType = file; path = "Inter-Light.ttf"; sourceTree = "<group>"; };
		CAA90CAF2994205B0013A654 /* Inter-Medium.ttf */ = {isa = PBXFileReference; lastKnownFileType = file; path = "Inter-Medium.ttf"; sourceTree = "<group>"; };
		CABAA2ED29942F9300C5EBC6 /* segoeui.ttf */ = {isa = PBXFileReference; lastKnownFileType = file; path = segoeui.ttf; sourceTree = "<group>"; };
		CABAA2EF29942FCD00C5EBC6 /* segoeui-bold.ttf */ = {isa = PBXFileReference; lastKnownFileType = file; path = "segoeui-bold.ttf"; sourceTree = "<group>"; };
		CABAA2F129942FF500C5EBC6 /* segoeui-semibold.ttf */ = {isa = PBXFileReference; lastKnownFileType = file; path = "segoeui-semibold.ttf"; sourceTree = "<group>"; };
		CABAA2F42994493200C5EBC6 /* SignUpController.swift */ = {isa = PBXFileReference; lastKnownFileType = sourcecode.swift; path = SignUpController.swift; sourceTree = "<group>"; };
		CABAA2F829945D1C00C5EBC6 /* UIImage+Ext.swift */ = {isa = PBXFileReference; lastKnownFileType = sourcecode.swift; path = "UIImage+Ext.swift"; sourceTree = "<group>"; };
		CABAA2FA299805F600C5EBC6 /* LoginController.swift */ = {isa = PBXFileReference; lastKnownFileType = sourcecode.swift; path = LoginController.swift; sourceTree = "<group>"; };
		CABAA2FC2998107A00C5EBC6 /* TextField+Ext.swift */ = {isa = PBXFileReference; lastKnownFileType = sourcecode.swift; name = "TextField+Ext.swift"; path = "../../../../Desktop/Delete Later/TextField+Ext.swift"; sourceTree = "<group>"; };
		CABAA2FE2998340800C5EBC6 /* SignUpDetailController.swift */ = {isa = PBXFileReference; lastKnownFileType = sourcecode.swift; path = SignUpDetailController.swift; sourceTree = "<group>"; };
		CABAA3022999609200C5EBC6 /* UIView+Ext.swift */ = {isa = PBXFileReference; lastKnownFileType = sourcecode.swift; path = "UIView+Ext.swift"; sourceTree = "<group>"; };
		CABAA304299BCEE100C5EBC6 /* String+Ext.swift */ = {isa = PBXFileReference; lastKnownFileType = sourcecode.swift; path = "String+Ext.swift"; sourceTree = "<group>"; };
		CABAA306299D34A900C5EBC6 /* PinNumberController.swift */ = {isa = PBXFileReference; lastKnownFileType = sourcecode.swift; path = PinNumberController.swift; sourceTree = "<group>"; };
		CABAA30829A1941600C5EBC6 /* TermsController.swift */ = {isa = PBXFileReference; lastKnownFileType = sourcecode.swift; path = TermsController.swift; sourceTree = "<group>"; };
		CABAA30A29A19EB900C5EBC6 /* UIButton+Ext.swift */ = {isa = PBXFileReference; lastKnownFileType = sourcecode.swift; path = "UIButton+Ext.swift"; sourceTree = "<group>"; };
/* End PBXFileReference section */

/* Begin PBXFrameworksBuildPhase section */
		CAA90C752994171C0013A654 /* Frameworks */ = {
			isa = PBXFrameworksBuildPhase;
			buildActionMask = 2147483647;
			files = (
				CAA90C98299419BE0013A654 /* TinyConstraints in Frameworks */,
			);
			runOnlyForDeploymentPostprocessing = 0;
		};
/* End PBXFrameworksBuildPhase section */

/* Begin PBXGroup section */
		CAA90C6F2994171C0013A654 = {
			isa = PBXGroup;
			children = (
				CAA90C7A2994171C0013A654 /* Project-Kwicky */,
				CAA90C792994171C0013A654 /* Products */,
			);
			sourceTree = "<group>";
		};
		CAA90C792994171C0013A654 /* Products */ = {
			isa = PBXGroup;
			children = (
				CAA90C782994171C0013A654 /* Project-Kwicky.app */,
			);
			name = Products;
			sourceTree = "<group>";
		};
		CAA90C7A2994171C0013A654 /* Project-Kwicky */ = {
			isa = PBXGroup;
			children = (
				CAA90C99299419E30013A654 /* Helpers */,
				CAA90C952994199A0013A654 /* Models */,
				CAA90C94299419960013A654 /* Git */,
				CAA90C932994198F0013A654 /* Extensions */,
				CAA90C92299419890013A654 /* Assets */,
				CAA90C91299419810013A654 /* Views */,
				CAA90C902994197A0013A654 /* View Controllers */,
				CAA90C8F299419720013A654 /* Admin */,
			);
			path = "Project-Kwicky";
			sourceTree = "<group>";
		};
		CAA90C8F299419720013A654 /* Admin */ = {
			isa = PBXGroup;
			children = (
				CAA90C7D2994171C0013A654 /* SceneDelegate.swift */,
				CAA90C7B2994171C0013A654 /* AppDelegate.swift */,
				CAA90C862994171E0013A654 /* LaunchScreen.storyboard */,
				CAA90C892994171E0013A654 /* Info.plist */,
			);
			path = Admin;
			sourceTree = "<group>";
		};
		CAA90C902994197A0013A654 /* View Controllers */ = {
			isa = PBXGroup;
			children = (
				CAA90C7F2994171C0013A654 /* DecisionController.swift */,
				CABAA2F42994493200C5EBC6 /* SignUpController.swift */,
				CABAA2FA299805F600C5EBC6 /* LoginController.swift */,
				CABAA2FE2998340800C5EBC6 /* SignUpDetailController.swift */,
				CABAA306299D34A900C5EBC6 /* PinNumberController.swift */,
				CABAA30829A1941600C5EBC6 /* TermsController.swift */,
			);
			path = "View Controllers";
			sourceTree = "<group>";
		};
		CAA90C91299419810013A654 /* Views */ = {
			isa = PBXGroup;
			children = (
			);
			path = Views;
			sourceTree = "<group>";
		};
		CAA90C92299419890013A654 /* Assets */ = {
			isa = PBXGroup;
			children = (
				CAA90C9E29941DA40013A654 /* Fonts */,
				CAA90C842994171E0013A654 /* Assets.xcassets */,
			);
			path = Assets;
			sourceTree = "<group>";
		};
		CAA90C932994198F0013A654 /* Extensions */ = {
			isa = PBXGroup;
			children = (
				CAA90C9A29941ACD0013A654 /* UIColor+Ext.swift */,
				CAA90C9C29941AEE0013A654 /* UIFont+Ext.swift */,
				CABAA2F829945D1C00C5EBC6 /* UIImage+Ext.swift */,
				CABAA2FC2998107A00C5EBC6 /* TextField+Ext.swift */,
				CABAA3022999609200C5EBC6 /* UIView+Ext.swift */,
				CABAA304299BCEE100C5EBC6 /* String+Ext.swift */,
				CABAA30A29A19EB900C5EBC6 /* UIButton+Ext.swift */,
			);
			path = Extensions;
			sourceTree = "<group>";
		};
		CAA90C94299419960013A654 /* Git */ = {
			isa = PBXGroup;
			children = (
			);
			path = Git;
			sourceTree = "<group>";
		};
		CAA90C952994199A0013A654 /* Models */ = {
			isa = PBXGroup;
			children = (
			);
			path = Models;
			sourceTree = "<group>";
		};
		CAA90C99299419E30013A654 /* Helpers */ = {
			isa = PBXGroup;
			children = (
			);
			path = Helpers;
			sourceTree = "<group>";
		};
		CAA90C9E29941DA40013A654 /* Fonts */ = {
			isa = PBXGroup;
			children = (
				CABAA2ED29942F9300C5EBC6 /* segoeui.ttf */,
				CABAA2EF29942FCD00C5EBC6 /* segoeui-bold.ttf */,
				CABAA2F129942FF500C5EBC6 /* segoeui-semibold.ttf */,
				CAA90CAA2994205B0013A654 /* Inter-Black.ttf */,
				CAA90CAD2994205B0013A654 /* Inter-Bold.ttf */,
				CAA90CAC2994205B0013A654 /* Inter-ExtraBold.ttf */,
				CAA90CA82994205B0013A654 /* Inter-ExtraLight.ttf */,
				CAA90CAE2994205B0013A654 /* Inter-Light.ttf */,
				CAA90CAF2994205B0013A654 /* Inter-Medium.ttf */,
				CAA90CAB2994205B0013A654 /* Inter-Regular.ttf */,
				CAA90CA72994205B0013A654 /* Inter-SemiBold.ttf */,
				CAA90CA92994205B0013A654 /* Inter-Thin.ttf */,
			);
			path = Fonts;
			sourceTree = "<group>";
		};
/* End PBXGroup section */

/* Begin PBXNativeTarget section */
		CAA90C772994171C0013A654 /* Project-Kwicky */ = {
			isa = PBXNativeTarget;
			buildConfigurationList = CAA90C8C2994171E0013A654 /* Build configuration list for PBXNativeTarget "Project-Kwicky" */;
			buildPhases = (
				CAA90C742994171C0013A654 /* Sources */,
				CAA90C752994171C0013A654 /* Frameworks */,
				CAA90C762994171C0013A654 /* Resources */,
			);
			buildRules = (
			);
			dependencies = (
			);
			name = "Project-Kwicky";
			packageProductDependencies = (
				CAA90C97299419BE0013A654 /* TinyConstraints */,
			);
			productName = "Project-Kwicky";
			productReference = CAA90C782994171C0013A654 /* Project-Kwicky.app */;
			productType = "com.apple.product-type.application";
		};
/* End PBXNativeTarget section */

/* Begin PBXProject section */
		CAA90C702994171C0013A654 /* Project object */ = {
			isa = PBXProject;
			attributes = {
				BuildIndependentTargetsInParallel = 1;
				LastSwiftUpdateCheck = 1420;
				LastUpgradeCheck = 1420;
				TargetAttributes = {
					CAA90C772994171C0013A654 = {
						CreatedOnToolsVersion = 14.2;
					};
				};
			};
			buildConfigurationList = CAA90C732994171C0013A654 /* Build configuration list for PBXProject "Project-Kwicky" */;
			compatibilityVersion = "Xcode 14.0";
			developmentRegion = en;
			hasScannedForEncodings = 0;
			knownRegions = (
				en,
				Base,
			);
			mainGroup = CAA90C6F2994171C0013A654;
			packageReferences = (
				CAA90C96299419BE0013A654 /* XCRemoteSwiftPackageReference "TinyConstraints" */,
			);
			productRefGroup = CAA90C792994171C0013A654 /* Products */;
			projectDirPath = "";
			projectRoot = "";
			targets = (
				CAA90C772994171C0013A654 /* Project-Kwicky */,
			);
		};
/* End PBXProject section */

/* Begin PBXResourcesBuildPhase section */
		CAA90C762994171C0013A654 /* Resources */ = {
			isa = PBXResourcesBuildPhase;
			buildActionMask = 2147483647;
			files = (
				CAA90C882994171E0013A654 /* LaunchScreen.storyboard in Resources */,
				CABAA2F3299430DD00C5EBC6 /* segoeui-semibold.ttf in Resources */,
				CAA90CB42994205B0013A654 /* Inter-Regular.ttf in Resources */,
				CAA90CB62994205B0013A654 /* Inter-Bold.ttf in Resources */,
				CAA90CB12994205B0013A654 /* Inter-ExtraLight.ttf in Resources */,
				CAA90CB52994205B0013A654 /* Inter-ExtraBold.ttf in Resources */,
				CAA90CB02994205B0013A654 /* Inter-SemiBold.ttf in Resources */,
				CAA90C852994171E0013A654 /* Assets.xcassets in Resources */,
				CAA90CB22994205B0013A654 /* Inter-Thin.ttf in Resources */,
				CABAA2EE29942F9300C5EBC6 /* segoeui.ttf in Resources */,
				CABAA2F029942FCD00C5EBC6 /* segoeui-bold.ttf in Resources */,
				CAA90CB82994205B0013A654 /* Inter-Medium.ttf in Resources */,
				CAA90CB72994205B0013A654 /* Inter-Light.ttf in Resources */,
				CAA90CB32994205B0013A654 /* Inter-Black.ttf in Resources */,
			);
			runOnlyForDeploymentPostprocessing = 0;
		};
/* End PBXResourcesBuildPhase section */

/* Begin PBXSourcesBuildPhase section */
		CAA90C742994171C0013A654 /* Sources */ = {
			isa = PBXSourcesBuildPhase;
			buildActionMask = 2147483647;
			files = (
				CABAA307299D34AA00C5EBC6 /* PinNumberController.swift in Sources */,
				CABAA2F929945D1C00C5EBC6 /* UIImage+Ext.swift in Sources */,
				CAA90C802994171C0013A654 /* DecisionController.swift in Sources */,
				CABAA2FF2998340800C5EBC6 /* SignUpDetailController.swift in Sources */,
				CAA90C9B29941ACD0013A654 /* UIColor+Ext.swift in Sources */,
				CABAA30B29A19EB900C5EBC6 /* UIButton+Ext.swift in Sources */,
				CAA90C7C2994171C0013A654 /* AppDelegate.swift in Sources */,
				CAA90C7E2994171C0013A654 /* SceneDelegate.swift in Sources */,
				CABAA305299BCEE100C5EBC6 /* String+Ext.swift in Sources */,
				CAA90C9D29941AEE0013A654 /* UIFont+Ext.swift in Sources */,
				CABAA30929A1941600C5EBC6 /* TermsController.swift in Sources */,
				CABAA3032999609200C5EBC6 /* UIView+Ext.swift in Sources */,
				CABAA2FD2998107A00C5EBC6 /* TextField+Ext.swift in Sources */,
				CABAA2FB299805F600C5EBC6 /* LoginController.swift in Sources */,
				CABAA2F52994493200C5EBC6 /* SignUpController.swift in Sources */,
			);
			runOnlyForDeploymentPostprocessing = 0;
		};
/* End PBXSourcesBuildPhase section */

/* Begin PBXVariantGroup section */
		CAA90C862994171E0013A654 /* LaunchScreen.storyboard */ = {
			isa = PBXVariantGroup;
			children = (
				CAA90C872994171E0013A654 /* Base */,
			);
			name = LaunchScreen.storyboard;
			sourceTree = "<group>";
		};
/* End PBXVariantGroup section */

/* Begin XCBuildConfiguration section */
		CAA90C8A2994171E0013A654 /* Debug */ = {
			isa = XCBuildConfiguration;
			buildSettings = {
				ALWAYS_SEARCH_USER_PATHS = NO;
				CLANG_ANALYZER_NONNULL = YES;
				CLANG_ANALYZER_NUMBER_OBJECT_CONVERSION = YES_AGGRESSIVE;
				CLANG_CXX_LANGUAGE_STANDARD = "gnu++20";
				CLANG_ENABLE_MODULES = YES;
				CLANG_ENABLE_OBJC_ARC = YES;
				CLANG_ENABLE_OBJC_WEAK = YES;
				CLANG_WARN_BLOCK_CAPTURE_AUTORELEASING = YES;
				CLANG_WARN_BOOL_CONVERSION = YES;
				CLANG_WARN_COMMA = YES;
				CLANG_WARN_CONSTANT_CONVERSION = YES;
				CLANG_WARN_DEPRECATED_OBJC_IMPLEMENTATIONS = YES;
				CLANG_WARN_DIRECT_OBJC_ISA_USAGE = YES_ERROR;
				CLANG_WARN_DOCUMENTATION_COMMENTS = YES;
				CLANG_WARN_EMPTY_BODY = YES;
				CLANG_WARN_ENUM_CONVERSION = YES;
				CLANG_WARN_INFINITE_RECURSION = YES;
				CLANG_WARN_INT_CONVERSION = YES;
				CLANG_WARN_NON_LITERAL_NULL_CONVERSION = YES;
				CLANG_WARN_OBJC_IMPLICIT_RETAIN_SELF = YES;
				CLANG_WARN_OBJC_LITERAL_CONVERSION = YES;
				CLANG_WARN_OBJC_ROOT_CLASS = YES_ERROR;
				CLANG_WARN_QUOTED_INCLUDE_IN_FRAMEWORK_HEADER = YES;
				CLANG_WARN_RANGE_LOOP_ANALYSIS = YES;
				CLANG_WARN_STRICT_PROTOTYPES = YES;
				CLANG_WARN_SUSPICIOUS_MOVE = YES;
				CLANG_WARN_UNGUARDED_AVAILABILITY = YES_AGGRESSIVE;
				CLANG_WARN_UNREACHABLE_CODE = YES;
				CLANG_WARN__DUPLICATE_METHOD_MATCH = YES;
				COPY_PHASE_STRIP = NO;
				DEBUG_INFORMATION_FORMAT = dwarf;
				ENABLE_STRICT_OBJC_MSGSEND = YES;
				ENABLE_TESTABILITY = YES;
				GCC_C_LANGUAGE_STANDARD = gnu11;
				GCC_DYNAMIC_NO_PIC = NO;
				GCC_NO_COMMON_BLOCKS = YES;
				GCC_OPTIMIZATION_LEVEL = 0;
				GCC_PREPROCESSOR_DEFINITIONS = (
					"DEBUG=1",
					"$(inherited)",
				);
				GCC_WARN_64_TO_32_BIT_CONVERSION = YES;
				GCC_WARN_ABOUT_RETURN_TYPE = YES_ERROR;
				GCC_WARN_UNDECLARED_SELECTOR = YES;
				GCC_WARN_UNINITIALIZED_AUTOS = YES_AGGRESSIVE;
				GCC_WARN_UNUSED_FUNCTION = YES;
				GCC_WARN_UNUSED_VARIABLE = YES;
				IPHONEOS_DEPLOYMENT_TARGET = 16.2;
				MTL_ENABLE_DEBUG_INFO = INCLUDE_SOURCE;
				MTL_FAST_MATH = YES;
				ONLY_ACTIVE_ARCH = YES;
				SDKROOT = iphoneos;
				SWIFT_ACTIVE_COMPILATION_CONDITIONS = DEBUG;
				SWIFT_OPTIMIZATION_LEVEL = "-Onone";
			};
			name = Debug;
		};
		CAA90C8B2994171E0013A654 /* Release */ = {
			isa = XCBuildConfiguration;
			buildSettings = {
				ALWAYS_SEARCH_USER_PATHS = NO;
				CLANG_ANALYZER_NONNULL = YES;
				CLANG_ANALYZER_NUMBER_OBJECT_CONVERSION = YES_AGGRESSIVE;
				CLANG_CXX_LANGUAGE_STANDARD = "gnu++20";
				CLANG_ENABLE_MODULES = YES;
				CLANG_ENABLE_OBJC_ARC = YES;
				CLANG_ENABLE_OBJC_WEAK = YES;
				CLANG_WARN_BLOCK_CAPTURE_AUTORELEASING = YES;
				CLANG_WARN_BOOL_CONVERSION = YES;
				CLANG_WARN_COMMA = YES;
				CLANG_WARN_CONSTANT_CONVERSION = YES;
				CLANG_WARN_DEPRECATED_OBJC_IMPLEMENTATIONS = YES;
				CLANG_WARN_DIRECT_OBJC_ISA_USAGE = YES_ERROR;
				CLANG_WARN_DOCUMENTATION_COMMENTS = YES;
				CLANG_WARN_EMPTY_BODY = YES;
				CLANG_WARN_ENUM_CONVERSION = YES;
				CLANG_WARN_INFINITE_RECURSION = YES;
				CLANG_WARN_INT_CONVERSION = YES;
				CLANG_WARN_NON_LITERAL_NULL_CONVERSION = YES;
				CLANG_WARN_OBJC_IMPLICIT_RETAIN_SELF = YES;
				CLANG_WARN_OBJC_LITERAL_CONVERSION = YES;
				CLANG_WARN_OBJC_ROOT_CLASS = YES_ERROR;
				CLANG_WARN_QUOTED_INCLUDE_IN_FRAMEWORK_HEADER = YES;
				CLANG_WARN_RANGE_LOOP_ANALYSIS = YES;
				CLANG_WARN_STRICT_PROTOTYPES = YES;
				CLANG_WARN_SUSPICIOUS_MOVE = YES;
				CLANG_WARN_UNGUARDED_AVAILABILITY = YES_AGGRESSIVE;
				CLANG_WARN_UNREACHABLE_CODE = YES;
				CLANG_WARN__DUPLICATE_METHOD_MATCH = YES;
				COPY_PHASE_STRIP = NO;
				DEBUG_INFORMATION_FORMAT = "dwarf-with-dsym";
				ENABLE_NS_ASSERTIONS = NO;
				ENABLE_STRICT_OBJC_MSGSEND = YES;
				GCC_C_LANGUAGE_STANDARD = gnu11;
				GCC_NO_COMMON_BLOCKS = YES;
				GCC_WARN_64_TO_32_BIT_CONVERSION = YES;
				GCC_WARN_ABOUT_RETURN_TYPE = YES_ERROR;
				GCC_WARN_UNDECLARED_SELECTOR = YES;
				GCC_WARN_UNINITIALIZED_AUTOS = YES_AGGRESSIVE;
				GCC_WARN_UNUSED_FUNCTION = YES;
				GCC_WARN_UNUSED_VARIABLE = YES;
				IPHONEOS_DEPLOYMENT_TARGET = 16.2;
				MTL_ENABLE_DEBUG_INFO = NO;
				MTL_FAST_MATH = YES;
				SDKROOT = iphoneos;
				SWIFT_COMPILATION_MODE = wholemodule;
				SWIFT_OPTIMIZATION_LEVEL = "-O";
				VALIDATE_PRODUCT = YES;
			};
			name = Release;
		};
		CAA90C8D2994171E0013A654 /* Debug */ = {
			isa = XCBuildConfiguration;
			buildSettings = {
				ASSETCATALOG_COMPILER_APPICON_NAME = AppIcon;
				ASSETCATALOG_COMPILER_GLOBAL_ACCENT_COLOR_NAME = AccentColor;
				CODE_SIGN_STYLE = Automatic;
				CURRENT_PROJECT_VERSION = 1;
				DEVELOPMENT_TEAM = F5J6ZLKCR8;
				GENERATE_INFOPLIST_FILE = YES;
				INFOPLIST_FILE = "/Users/smiller/Downloads/Project-Kwicky/Project-Kwicky/Admin/Info.plist";
				INFOPLIST_KEY_UIApplicationSupportsIndirectInputEvents = YES;
				INFOPLIST_KEY_UILaunchStoryboardName = LaunchScreen;
				INFOPLIST_KEY_UISupportedInterfaceOrientations_iPad = "UIInterfaceOrientationPortrait UIInterfaceOrientationPortraitUpsideDown UIInterfaceOrientationLandscapeLeft UIInterfaceOrientationLandscapeRight";
				INFOPLIST_KEY_UISupportedInterfaceOrientations_iPhone = "UIInterfaceOrientationPortrait UIInterfaceOrientationLandscapeLeft UIInterfaceOrientationLandscapeRight";
				LD_RUNPATH_SEARCH_PATHS = (
					"$(inherited)",
					"@executable_path/Frameworks",
				);
				MARKETING_VERSION = 1.0;
				PRODUCT_BUNDLE_IDENTIFIER = "com.clearsyntax.Project-Kwicky";
				PRODUCT_NAME = "$(TARGET_NAME)";
				SWIFT_EMIT_LOC_STRINGS = YES;
				SWIFT_VERSION = 5.0;
				TARGETED_DEVICE_FAMILY = "1,2";
			};
			name = Debug;
		};
		CAA90C8E2994171E0013A654 /* Release */ = {
			isa = XCBuildConfiguration;
			buildSettings = {
				ASSETCATALOG_COMPILER_APPICON_NAME = AppIcon;
				ASSETCATALOG_COMPILER_GLOBAL_ACCENT_COLOR_NAME = AccentColor;
				CODE_SIGN_STYLE = Automatic;
				CURRENT_PROJECT_VERSION = 1;
				DEVELOPMENT_TEAM = F5J6ZLKCR8;
				GENERATE_INFOPLIST_FILE = YES;
				INFOPLIST_FILE = "/Users/smiller/Downloads/Project-Kwicky/Project-Kwicky/Admin/Info.plist";
				INFOPLIST_KEY_UIApplicationSupportsIndirectInputEvents = YES;
				INFOPLIST_KEY_UILaunchStoryboardName = LaunchScreen;
				INFOPLIST_KEY_UISupportedInterfaceOrientations_iPad = "UIInterfaceOrientationPortrait UIInterfaceOrientationPortraitUpsideDown UIInterfaceOrientationLandscapeLeft UIInterfaceOrientationLandscapeRight";
				INFOPLIST_KEY_UISupportedInterfaceOrientations_iPhone = "UIInterfaceOrientationPortrait UIInterfaceOrientationLandscapeLeft UIInterfaceOrientationLandscapeRight";
				LD_RUNPATH_SEARCH_PATHS = (
					"$(inherited)",
					"@executable_path/Frameworks",
				);
				MARKETING_VERSION = 1.0;
				PRODUCT_BUNDLE_IDENTIFIER = "com.clearsyntax.Project-Kwicky";
				PRODUCT_NAME = "$(TARGET_NAME)";
				SWIFT_EMIT_LOC_STRINGS = YES;
				SWIFT_VERSION = 5.0;
				TARGETED_DEVICE_FAMILY = "1,2";
			};
			name = Release;
		};
/* End XCBuildConfiguration section */

/* Begin XCConfigurationList section */
		CAA90C732994171C0013A654 /* Build configuration list for PBXProject "Project-Kwicky" */ = {
			isa = XCConfigurationList;
			buildConfigurations = (
				CAA90C8A2994171E0013A654 /* Debug */,
				CAA90C8B2994171E0013A654 /* Release */,
			);
			defaultConfigurationIsVisible = 0;
			defaultConfigurationName = Release;
		};
		CAA90C8C2994171E0013A654 /* Build configuration list for PBXNativeTarget "Project-Kwicky" */ = {
			isa = XCConfigurationList;
			buildConfigurations = (
				CAA90C8D2994171E0013A654 /* Debug */,
				CAA90C8E2994171E0013A654 /* Release */,
			);
			defaultConfigurationIsVisible = 0;
			defaultConfigurationName = Release;
		};
/* End XCConfigurationList section */

/* Begin XCRemoteSwiftPackageReference section */
		CAA90C96299419BE0013A654 /* XCRemoteSwiftPackageReference "TinyConstraints" */ = {
			isa = XCRemoteSwiftPackageReference;
			repositoryURL = "https://github.com/roberthein/TinyConstraints";
			requirement = {
				kind = upToNextMajorVersion;
				minimumVersion = 4.0.0;
			};
		};
/* End XCRemoteSwiftPackageReference section */

/* Begin XCSwiftPackageProductDependency section */
		CAA90C97299419BE0013A654 /* TinyConstraints */ = {
			isa = XCSwiftPackageProductDependency;
			package = CAA90C96299419BE0013A654 /* XCRemoteSwiftPackageReference "TinyConstraints" */;
			productName = TinyConstraints;
		};
/* End XCSwiftPackageProductDependency section */
	};
	rootObject = CAA90C702994171C0013A654 /* Project object */;
}
