// !$*UTF8*$!
{
	archiveVersion = 1;
	classes = {
	};
	objectVersion = 56;
	objects = {

/* Begin PBXBuildFile section */
		CA55DF1C29A674F000C54B35 /* FollowInviteFriendsController.swift in Sources */ = {isa = PBXBuildFile; fileRef = CA55DF1B29A674F000C54B35 /* FollowInviteFriendsController.swift */; };
		CA55DF1E29A6CBCA00C54B35 /* AccountController.swift in Sources */ = {isa = PBXBuildFile; fileRef = CA55DF1D29A6CBCA00C54B35 /* AccountController.swift */; };
		CA55DF2029A7D32100C54B35 /* NotificationsController.swift in Sources */ = {isa = PBXBuildFile; fileRef = CA55DF1F29A7D32100C54B35 /* NotificationsController.swift */; };
		CA55DF2229A7E87C00C54B35 /* UIImageView+Ext.swift in Sources */ = {isa = PBXBuildFile; fileRef = CA55DF2129A7E87C00C54B35 /* UIImageView+Ext.swift */; };
		CA55DF2429A7E8CF00C54B35 /* UILabel+Ext.swift in Sources */ = {isa = PBXBuildFile; fileRef = CA55DF2329A7E8CF00C54B35 /* UILabel+Ext.swift */; };
		CA55DF2829AA94EF00C54B35 /* SettingsController.swift in Sources */ = {isa = PBXBuildFile; fileRef = CA55DF2729AA94EF00C54B35 /* SettingsController.swift */; };
		CA55DF2A29AA966A00C54B35 /* ProfileController.swift in Sources */ = {isa = PBXBuildFile; fileRef = CA55DF2929AA966A00C54B35 /* ProfileController.swift */; };
		CA55DF2E29AC06F600C54B35 /* UploadImageController.swift in Sources */ = {isa = PBXBuildFile; fileRef = CA55DF2D29AC06F600C54B35 /* UploadImageController.swift */; };
		CA55DF3229AF9A9B00C54B35 /* User.swift in Sources */ = {isa = PBXBuildFile; fileRef = CA55DF3129AF9A9B00C54B35 /* User.swift */; };
		CA55DF3429AF9B0500C54B35 /* KwiksVideo.swift in Sources */ = {isa = PBXBuildFile; fileRef = CA55DF3329AF9B0500C54B35 /* KwiksVideo.swift */; };
		CA55DF3629AF9D7E00C54B35 /* KwiksWallet.swift in Sources */ = {isa = PBXBuildFile; fileRef = CA55DF3529AF9D7E00C54B35 /* KwiksWallet.swift */; };
		CA55DF3829AF9DB700C54B35 /* KwiksVideoAnalytics.swift in Sources */ = {isa = PBXBuildFile; fileRef = CA55DF3729AF9DB700C54B35 /* KwiksVideoAnalytics.swift */; };
		CA55DF3A29AF9E9100C54B35 /* KwiksNotification.swift in Sources */ = {isa = PBXBuildFile; fileRef = CA55DF3929AF9E9100C54B35 /* KwiksNotification.swift */; };
		CA55DF3C29AF9FBF00C54B35 /* SocialMediaLink.swift in Sources */ = {isa = PBXBuildFile; fileRef = CA55DF3B29AF9FBF00C54B35 /* SocialMediaLink.swift */; };
		CA55DF3E29AFA13100C54B35 /* KwiksUserAnalytics.swift in Sources */ = {isa = PBXBuildFile; fileRef = CA55DF3D29AFA13100C54B35 /* KwiksUserAnalytics.swift */; };
		CA55DF4029B16A1400C54B35 /* ForYouCollectionViewCell.swift in Sources */ = {isa = PBXBuildFile; fileRef = CA55DF3F29B16A1400C54B35 /* ForYouCollectionViewCell.swift */; };
		CA55DF4329B17FAA00C54B35 /* UITextField+Ext.swift in Sources */ = {isa = PBXBuildFile; fileRef = CA55DF4229B17FAA00C54B35 /* UITextField+Ext.swift */; };
		CA55DF4529B27CAC00C54B35 /* ServiceSingleton.swift in Sources */ = {isa = PBXBuildFile; fileRef = CA55DF4429B27CAC00C54B35 /* ServiceSingleton.swift */; };
		CA55DF4729B8DE3A00C54B35 /* KwiksVideoPlayerController.swift in Sources */ = {isa = PBXBuildFile; fileRef = CA55DF4629B8DE3A00C54B35 /* KwiksVideoPlayerController.swift */; };
		CA55DF4929B8DE4A00C54B35 /* KwiksLiveVideoPlayerController.swift in Sources */ = {isa = PBXBuildFile; fileRef = CA55DF4829B8DE4A00C54B35 /* KwiksLiveVideoPlayerController.swift */; };
		CA55DF4B29BA268100C54B35 /* Statics.swift in Sources */ = {isa = PBXBuildFile; fileRef = CA55DF4A29BA268000C54B35 /* Statics.swift */; };
		CA55DF4D29BAC9A000C54B35 /* KwiksTestVideo.mp4 in Resources */ = {isa = PBXBuildFile; fileRef = CA55DF4C29BAC9A000C54B35 /* KwiksTestVideo.mp4 */; };
		CA55DF4F29BCF7F100C54B35 /* EffectsCollectionViewCell.swift in Sources */ = {isa = PBXBuildFile; fileRef = CA55DF4E29BCF7F100C54B35 /* EffectsCollectionViewCell.swift */; };
		CA55DF5129BCFA7900C54B35 /* Effect.swift in Sources */ = {isa = PBXBuildFile; fileRef = CA55DF5029BCFA7900C54B35 /* Effect.swift */; };
		CA55DF5329BD2AFE00C54B35 /* KwikyController.swift in Sources */ = {isa = PBXBuildFile; fileRef = CA55DF5229BD2AFE00C54B35 /* KwikyController.swift */; };
		CA55DF5529C3C54E00C54B35 /* VideoFileSaveController.swift in Sources */ = {isa = PBXBuildFile; fileRef = CA55DF5429C3C54E00C54B35 /* VideoFileSaveController.swift */; };
		CA55DF5729C4D59800C54B35 /* GoLiveVideoController.swift in Sources */ = {isa = PBXBuildFile; fileRef = CA55DF5629C4D59800C54B35 /* GoLiveVideoController.swift */; };
		CA55DF5929C649D100C54B35 /* KwiksLiveTestVideo.mp4 in Resources */ = {isa = PBXBuildFile; fileRef = CA55DF5829C649D100C54B35 /* KwiksLiveTestVideo.mp4 */; };
		CA55DF5B29C66AFC00C54B35 /* GoLiveCommentCollectionViewCell.swift in Sources */ = {isa = PBXBuildFile; fileRef = CA55DF5A29C66AFC00C54B35 /* GoLiveCommentCollectionViewCell.swift */; };
		CA55DF9D29D110FE00C54B35 /* AddMusicToVideoViewController.swift in Sources */ = {isa = PBXBuildFile; fileRef = CA55DF9C29D110FE00C54B35 /* AddMusicToVideoViewController.swift */; };
		CA55DF9F29D1127100C54B35 /* KwiksSaleProduct.swift in Sources */ = {isa = PBXBuildFile; fileRef = CA55DF9E29D1127100C54B35 /* KwiksSaleProduct.swift */; };
		CA55DFA129D1140400C54B35 /* GlobalVariables.swift in Sources */ = {isa = PBXBuildFile; fileRef = CA55DFA029D1140400C54B35 /* GlobalVariables.swift */; };
		CA55DFA429D11D8D00C54B35 /* AvailableMusicTableViewCell.swift in Sources */ = {isa = PBXBuildFile; fileRef = CA55DFA329D11D8D00C54B35 /* AvailableMusicTableViewCell.swift */; };
		CA55DFA629D1234000C54B35 /* AvailableMusic.swift in Sources */ = {isa = PBXBuildFile; fileRef = CA55DFA529D1234000C54B35 /* AvailableMusic.swift */; };
		CAA90C7C2994171C0013A654 /* AppDelegate.swift in Sources */ = {isa = PBXBuildFile; fileRef = CAA90C7B2994171C0013A654 /* AppDelegate.swift */; };
		CAA90C7E2994171C0013A654 /* SceneDelegate.swift in Sources */ = {isa = PBXBuildFile; fileRef = CAA90C7D2994171C0013A654 /* SceneDelegate.swift */; };
		CAA90C802994171C0013A654 /* DecisionController.swift in Sources */ = {isa = PBXBuildFile; fileRef = CAA90C7F2994171C0013A654 /* DecisionController.swift */; };
		CAA90C852994171E0013A654 /* Assets.xcassets in Resources */ = {isa = PBXBuildFile; fileRef = CAA90C842994171E0013A654 /* Assets.xcassets */; };
		CAA90C882994171E0013A654 /* LaunchScreen.storyboard in Resources */ = {isa = PBXBuildFile; fileRef = CAA90C862994171E0013A654 /* LaunchScreen.storyboard */; };
		CAA90C98299419BE0013A654 /* TinyConstraints in Frameworks */ = {isa = PBXBuildFile; productRef = CAA90C97299419BE0013A654 /* TinyConstraints */; };
		CAA90C9B29941ACD0013A654 /* UIColor+Ext.swift in Sources */ = {isa = PBXBuildFile; fileRef = CAA90C9A29941ACD0013A654 /* UIColor+Ext.swift */; };
		CAA90C9D29941AEE0013A654 /* UIFont+Ext.swift in Sources */ = {isa = PBXBuildFile; fileRef = CAA90C9C29941AEE0013A654 /* UIFont+Ext.swift */; };
		CAA90CB02994205B0013A654 /* Inter-SemiBold.ttf in Resources */ = {isa = PBXBuildFile; fileRef = CAA90CA72994205B0013A654 /* Inter-SemiBold.ttf */; };
		CAA90CB12994205B0013A654 /* Inter-ExtraLight.ttf in Resources */ = {isa = PBXBuildFile; fileRef = CAA90CA82994205B0013A654 /* Inter-ExtraLight.ttf */; };
		CAA90CB22994205B0013A654 /* Inter-Thin.ttf in Resources */ = {isa = PBXBuildFile; fileRef = CAA90CA92994205B0013A654 /* Inter-Thin.ttf */; };
		CAA90CB32994205B0013A654 /* Inter-Black.ttf in Resources */ = {isa = PBXBuildFile; fileRef = CAA90CAA2994205B0013A654 /* Inter-Black.ttf */; };
		CAA90CB42994205B0013A654 /* Inter-Regular.ttf in Resources */ = {isa = PBXBuildFile; fileRef = CAA90CAB2994205B0013A654 /* Inter-Regular.ttf */; };
		CAA90CB52994205B0013A654 /* Inter-ExtraBold.ttf in Resources */ = {isa = PBXBuildFile; fileRef = CAA90CAC2994205B0013A654 /* Inter-ExtraBold.ttf */; };
		CAA90CB62994205B0013A654 /* Inter-Bold.ttf in Resources */ = {isa = PBXBuildFile; fileRef = CAA90CAD2994205B0013A654 /* Inter-Bold.ttf */; };
		CAA90CB72994205B0013A654 /* Inter-Light.ttf in Resources */ = {isa = PBXBuildFile; fileRef = CAA90CAE2994205B0013A654 /* Inter-Light.ttf */; };
		CAA90CB82994205B0013A654 /* Inter-Medium.ttf in Resources */ = {isa = PBXBuildFile; fileRef = CAA90CAF2994205B0013A654 /* Inter-Medium.ttf */; };
		CABAA2EE29942F9300C5EBC6 /* segoeui.ttf in Resources */ = {isa = PBXBuildFile; fileRef = CABAA2ED29942F9300C5EBC6 /* segoeui.ttf */; };
		CABAA2F029942FCD00C5EBC6 /* segoeui-bold.ttf in Resources */ = {isa = PBXBuildFile; fileRef = CABAA2EF29942FCD00C5EBC6 /* segoeui-bold.ttf */; };
		CABAA2F3299430DD00C5EBC6 /* segoeui-semibold.ttf in Resources */ = {isa = PBXBuildFile; fileRef = CABAA2F129942FF500C5EBC6 /* segoeui-semibold.ttf */; };
		CABAA2F52994493200C5EBC6 /* SignUpController.swift in Sources */ = {isa = PBXBuildFile; fileRef = CABAA2F42994493200C5EBC6 /* SignUpController.swift */; };
		CABAA2F929945D1C00C5EBC6 /* UIImage+Ext.swift in Sources */ = {isa = PBXBuildFile; fileRef = CABAA2F829945D1C00C5EBC6 /* UIImage+Ext.swift */; };
		CABAA2FB299805F600C5EBC6 /* LoginController.swift in Sources */ = {isa = PBXBuildFile; fileRef = CABAA2FA299805F600C5EBC6 /* LoginController.swift */; };
		CABAA2FF2998340800C5EBC6 /* SignUpDetailController.swift in Sources */ = {isa = PBXBuildFile; fileRef = CABAA2FE2998340800C5EBC6 /* SignUpDetailController.swift */; };
		CABAA3032999609200C5EBC6 /* UIView+Ext.swift in Sources */ = {isa = PBXBuildFile; fileRef = CABAA3022999609200C5EBC6 /* UIView+Ext.swift */; };
		CABAA305299BCEE100C5EBC6 /* String+Ext.swift in Sources */ = {isa = PBXBuildFile; fileRef = CABAA304299BCEE100C5EBC6 /* String+Ext.swift */; };
		CABAA307299D34AA00C5EBC6 /* PinNumberController.swift in Sources */ = {isa = PBXBuildFile; fileRef = CABAA306299D34A900C5EBC6 /* PinNumberController.swift */; };
		CABAA30929A1941600C5EBC6 /* TermsController.swift in Sources */ = {isa = PBXBuildFile; fileRef = CABAA30829A1941600C5EBC6 /* TermsController.swift */; };
		CABAA30B29A19EB900C5EBC6 /* UIButton+Ext.swift in Sources */ = {isa = PBXBuildFile; fileRef = CABAA30A29A19EB900C5EBC6 /* UIButton+Ext.swift */; };
		CABAA30D29A2AED600C5EBC6 /* SelectUsernameController.swift in Sources */ = {isa = PBXBuildFile; fileRef = CABAA30C29A2AED600C5EBC6 /* SelectUsernameController.swift */; };
		CABAA30F29A2C8EE00C5EBC6 /* TabViewController.swift in Sources */ = {isa = PBXBuildFile; fileRef = CABAA30E29A2C8EE00C5EBC6 /* TabViewController.swift */; };
		CABAA31229A2C95A00C5EBC6 /* HomeController.swift in Sources */ = {isa = PBXBuildFile; fileRef = CABAA31129A2C95A00C5EBC6 /* HomeController.swift */; };
		CABAA31429A2C9B500C5EBC6 /* SearchController.swift in Sources */ = {isa = PBXBuildFile; fileRef = CABAA31329A2C9B500C5EBC6 /* SearchController.swift */; };
		CABAA31629A2C9C300C5EBC6 /* InboxController.swift in Sources */ = {isa = PBXBuildFile; fileRef = CABAA31529A2C9C300C5EBC6 /* InboxController.swift */; };
		CABAA31829A2C9D000C5EBC6 /* WalletController.swift in Sources */ = {isa = PBXBuildFile; fileRef = CABAA31729A2C9D000C5EBC6 /* WalletController.swift */; };
		CABAA31A29A2CB8000C5EBC6 /* VideoController.swift in Sources */ = {isa = PBXBuildFile; fileRef = CABAA31929A2CB8000C5EBC6 /* VideoController.swift */; };
		CABAA31C29A3104100C5EBC6 /* SettingsCollectionViewCell.swift in Sources */ = {isa = PBXBuildFile; fileRef = CABAA31B29A3104100C5EBC6 /* SettingsCollectionViewCell.swift */; };
		CABAA31E29A311AC00C5EBC6 /* SettingsItem.swift in Sources */ = {isa = PBXBuildFile; fileRef = CABAA31D29A311AC00C5EBC6 /* SettingsItem.swift */; };
/* End PBXBuildFile section */

/* Begin PBXFileReference section */
		CA55DF1B29A674F000C54B35 /* FollowInviteFriendsController.swift */ = {isa = PBXFileReference; lastKnownFileType = sourcecode.swift; path = FollowInviteFriendsController.swift; sourceTree = "<group>"; };
		CA55DF1D29A6CBCA00C54B35 /* AccountController.swift */ = {isa = PBXFileReference; lastKnownFileType = sourcecode.swift; path = AccountController.swift; sourceTree = "<group>"; };
		CA55DF1F29A7D32100C54B35 /* NotificationsController.swift */ = {isa = PBXFileReference; lastKnownFileType = sourcecode.swift; path = NotificationsController.swift; sourceTree = "<group>"; };
		CA55DF2129A7E87C00C54B35 /* UIImageView+Ext.swift */ = {isa = PBXFileReference; lastKnownFileType = sourcecode.swift; path = "UIImageView+Ext.swift"; sourceTree = "<group>"; };
		CA55DF2329A7E8CF00C54B35 /* UILabel+Ext.swift */ = {isa = PBXFileReference; lastKnownFileType = sourcecode.swift; path = "UILabel+Ext.swift"; sourceTree = "<group>"; };
		CA55DF2729AA94EF00C54B35 /* SettingsController.swift */ = {isa = PBXFileReference; lastKnownFileType = sourcecode.swift; path = SettingsController.swift; sourceTree = "<group>"; };
		CA55DF2929AA966A00C54B35 /* ProfileController.swift */ = {isa = PBXFileReference; lastKnownFileType = sourcecode.swift; path = ProfileController.swift; sourceTree = "<group>"; };
		CA55DF2D29AC06F600C54B35 /* UploadImageController.swift */ = {isa = PBXFileReference; lastKnownFileType = sourcecode.swift; path = UploadImageController.swift; sourceTree = "<group>"; };
		CA55DF3129AF9A9B00C54B35 /* User.swift */ = {isa = PBXFileReference; lastKnownFileType = sourcecode.swift; path = User.swift; sourceTree = "<group>"; };
		CA55DF3329AF9B0500C54B35 /* KwiksVideo.swift */ = {isa = PBXFileReference; lastKnownFileType = sourcecode.swift; path = KwiksVideo.swift; sourceTree = "<group>"; };
		CA55DF3529AF9D7E00C54B35 /* KwiksWallet.swift */ = {isa = PBXFileReference; lastKnownFileType = sourcecode.swift; path = KwiksWallet.swift; sourceTree = "<group>"; };
		CA55DF3729AF9DB700C54B35 /* KwiksVideoAnalytics.swift */ = {isa = PBXFileReference; lastKnownFileType = sourcecode.swift; path = KwiksVideoAnalytics.swift; sourceTree = "<group>"; };
		CA55DF3929AF9E9100C54B35 /* KwiksNotification.swift */ = {isa = PBXFileReference; lastKnownFileType = sourcecode.swift; path = KwiksNotification.swift; sourceTree = "<group>"; };
		CA55DF3B29AF9FBF00C54B35 /* SocialMediaLink.swift */ = {isa = PBXFileReference; lastKnownFileType = sourcecode.swift; path = SocialMediaLink.swift; sourceTree = "<group>"; };
		CA55DF3D29AFA13100C54B35 /* KwiksUserAnalytics.swift */ = {isa = PBXFileReference; lastKnownFileType = sourcecode.swift; path = KwiksUserAnalytics.swift; sourceTree = "<group>"; };
		CA55DF3F29B16A1400C54B35 /* ForYouCollectionViewCell.swift */ = {isa = PBXFileReference; lastKnownFileType = sourcecode.swift; path = ForYouCollectionViewCell.swift; sourceTree = "<group>"; };
		CA55DF4229B17FAA00C54B35 /* UITextField+Ext.swift */ = {isa = PBXFileReference; lastKnownFileType = sourcecode.swift; path = "UITextField+Ext.swift"; sourceTree = "<group>"; };
		CA55DF4429B27CAC00C54B35 /* ServiceSingleton.swift */ = {isa = PBXFileReference; lastKnownFileType = sourcecode.swift; path = ServiceSingleton.swift; sourceTree = "<group>"; };
		CA55DF4629B8DE3A00C54B35 /* KwiksVideoPlayerController.swift */ = {isa = PBXFileReference; lastKnownFileType = sourcecode.swift; path = KwiksVideoPlayerController.swift; sourceTree = "<group>"; };
		CA55DF4829B8DE4A00C54B35 /* KwiksLiveVideoPlayerController.swift */ = {isa = PBXFileReference; lastKnownFileType = sourcecode.swift; path = KwiksLiveVideoPlayerController.swift; sourceTree = "<group>"; };
		CA55DF4A29BA268000C54B35 /* Statics.swift */ = {isa = PBXFileReference; lastKnownFileType = sourcecode.swift; path = Statics.swift; sourceTree = "<group>"; };
		CA55DF4C29BAC9A000C54B35 /* KwiksTestVideo.mp4 */ = {isa = PBXFileReference; lastKnownFileType = file; path = KwiksTestVideo.mp4; sourceTree = "<group>"; };
		CA55DF4E29BCF7F100C54B35 /* EffectsCollectionViewCell.swift */ = {isa = PBXFileReference; lastKnownFileType = sourcecode.swift; path = EffectsCollectionViewCell.swift; sourceTree = "<group>"; };
		CA55DF5029BCFA7900C54B35 /* Effect.swift */ = {isa = PBXFileReference; lastKnownFileType = sourcecode.swift; path = Effect.swift; sourceTree = "<group>"; };
		CA55DF5229BD2AFE00C54B35 /* KwikyController.swift */ = {isa = PBXFileReference; lastKnownFileType = sourcecode.swift; path = KwikyController.swift; sourceTree = "<group>"; };
		CA55DF5429C3C54E00C54B35 /* VideoFileSaveController.swift */ = {isa = PBXFileReference; lastKnownFileType = sourcecode.swift; path = VideoFileSaveController.swift; sourceTree = "<group>"; };
		CA55DF5629C4D59800C54B35 /* GoLiveVideoController.swift */ = {isa = PBXFileReference; lastKnownFileType = sourcecode.swift; path = GoLiveVideoController.swift; sourceTree = "<group>"; };
		CA55DF5829C649D100C54B35 /* KwiksLiveTestVideo.mp4 */ = {isa = PBXFileReference; lastKnownFileType = file; path = KwiksLiveTestVideo.mp4; sourceTree = "<group>"; };
		CA55DF5A29C66AFC00C54B35 /* GoLiveCommentCollectionViewCell.swift */ = {isa = PBXFileReference; lastKnownFileType = sourcecode.swift; path = GoLiveCommentCollectionViewCell.swift; sourceTree = "<group>"; };
		CA55DF9C29D110FE00C54B35 /* AddMusicToVideoViewController.swift */ = {isa = PBXFileReference; lastKnownFileType = sourcecode.swift; path = AddMusicToVideoViewController.swift; sourceTree = "<group>"; };
		CA55DF9E29D1127100C54B35 /* KwiksSaleProduct.swift */ = {isa = PBXFileReference; lastKnownFileType = sourcecode.swift; path = KwiksSaleProduct.swift; sourceTree = "<group>"; };
		CA55DFA029D1140400C54B35 /* GlobalVariables.swift */ = {isa = PBXFileReference; lastKnownFileType = sourcecode.swift; path = GlobalVariables.swift; sourceTree = "<group>"; };
		CA55DFA329D11D8D00C54B35 /* AvailableMusicTableViewCell.swift */ = {isa = PBXFileReference; lastKnownFileType = sourcecode.swift; path = AvailableMusicTableViewCell.swift; sourceTree = "<group>"; };
		CA55DFA529D1234000C54B35 /* AvailableMusic.swift */ = {isa = PBXFileReference; lastKnownFileType = sourcecode.swift; path = AvailableMusic.swift; sourceTree = "<group>"; };
		CAA90C782994171C0013A654 /* Project-Kwicky.app */ = {isa = PBXFileReference; explicitFileType = wrapper.application; includeInIndex = 0; path = "Project-Kwicky.app"; sourceTree = BUILT_PRODUCTS_DIR; };
		CAA90C7B2994171C0013A654 /* AppDelegate.swift */ = {isa = PBXFileReference; lastKnownFileType = sourcecode.swift; path = AppDelegate.swift; sourceTree = "<group>"; };
		CAA90C7D2994171C0013A654 /* SceneDelegate.swift */ = {isa = PBXFileReference; lastKnownFileType = sourcecode.swift; path = SceneDelegate.swift; sourceTree = "<group>"; };
		CAA90C7F2994171C0013A654 /* DecisionController.swift */ = {isa = PBXFileReference; lastKnownFileType = sourcecode.swift; path = DecisionController.swift; sourceTree = "<group>"; };
		CAA90C842994171E0013A654 /* Assets.xcassets */ = {isa = PBXFileReference; lastKnownFileType = folder.assetcatalog; path = Assets.xcassets; sourceTree = "<group>"; };
		CAA90C872994171E0013A654 /* Base */ = {isa = PBXFileReference; lastKnownFileType = file.storyboard; name = Base; path = Base.lproj/LaunchScreen.storyboard; sourceTree = "<group>"; };
		CAA90C892994171E0013A654 /* Info.plist */ = {isa = PBXFileReference; lastKnownFileType = text.plist.xml; path = Info.plist; sourceTree = "<group>"; };
		CAA90C9A29941ACD0013A654 /* UIColor+Ext.swift */ = {isa = PBXFileReference; lastKnownFileType = sourcecode.swift; path = "UIColor+Ext.swift"; sourceTree = "<group>"; };
		CAA90C9C29941AEE0013A654 /* UIFont+Ext.swift */ = {isa = PBXFileReference; lastKnownFileType = sourcecode.swift; path = "UIFont+Ext.swift"; sourceTree = "<group>"; };
		CAA90CA72994205B0013A654 /* Inter-SemiBold.ttf */ = {isa = PBXFileReference; lastKnownFileType = file; path = "Inter-SemiBold.ttf"; sourceTree = "<group>"; };
		CAA90CA82994205B0013A654 /* Inter-ExtraLight.ttf */ = {isa = PBXFileReference; lastKnownFileType = file; path = "Inter-ExtraLight.ttf"; sourceTree = "<group>"; };
		CAA90CA92994205B0013A654 /* Inter-Thin.ttf */ = {isa = PBXFileReference; lastKnownFileType = file; path = "Inter-Thin.ttf"; sourceTree = "<group>"; };
		CAA90CAA2994205B0013A654 /* Inter-Black.ttf */ = {isa = PBXFileReference; lastKnownFileType = file; path = "Inter-Black.ttf"; sourceTree = "<group>"; };
		CAA90CAB2994205B0013A654 /* Inter-Regular.ttf */ = {isa = PBXFileReference; lastKnownFileType = file; path = "Inter-Regular.ttf"; sourceTree = "<group>"; };
		CAA90CAC2994205B0013A654 /* Inter-ExtraBold.ttf */ = {isa = PBXFileReference; lastKnownFileType = file; path = "Inter-ExtraBold.ttf"; sourceTree = "<group>"; };
		CAA90CAD2994205B0013A654 /* Inter-Bold.ttf */ = {isa = PBXFileReference; lastKnownFileType = file; path = "Inter-Bold.ttf"; sourceTree = "<group>"; };
		CAA90CAE2994205B0013A654 /* Inter-Light.ttf */ = {isa = PBXFileReference; lastKnownFileType = file; path = "Inter-Light.ttf"; sourceTree = "<group>"; };
		CAA90CAF2994205B0013A654 /* Inter-Medium.ttf */ = {isa = PBXFileReference; lastKnownFileType = file; path = "Inter-Medium.ttf"; sourceTree = "<group>"; };
		CABAA2ED29942F9300C5EBC6 /* segoeui.ttf */ = {isa = PBXFileReference; lastKnownFileType = file; path = segoeui.ttf; sourceTree = "<group>"; };
		CABAA2EF29942FCD00C5EBC6 /* segoeui-bold.ttf */ = {isa = PBXFileReference; lastKnownFileType = file; path = "segoeui-bold.ttf"; sourceTree = "<group>"; };
		CABAA2F129942FF500C5EBC6 /* segoeui-semibold.ttf */ = {isa = PBXFileReference; lastKnownFileType = file; path = "segoeui-semibold.ttf"; sourceTree = "<group>"; };
		CABAA2F42994493200C5EBC6 /* SignUpController.swift */ = {isa = PBXFileReference; lastKnownFileType = sourcecode.swift; path = SignUpController.swift; sourceTree = "<group>"; };
		CABAA2F829945D1C00C5EBC6 /* UIImage+Ext.swift */ = {isa = PBXFileReference; lastKnownFileType = sourcecode.swift; path = "UIImage+Ext.swift"; sourceTree = "<group>"; };
		CABAA2FA299805F600C5EBC6 /* LoginController.swift */ = {isa = PBXFileReference; lastKnownFileType = sourcecode.swift; path = LoginController.swift; sourceTree = "<group>"; };
		CABAA2FE2998340800C5EBC6 /* SignUpDetailController.swift */ = {isa = PBXFileReference; lastKnownFileType = sourcecode.swift; path = SignUpDetailController.swift; sourceTree = "<group>"; };
		CABAA3022999609200C5EBC6 /* UIView+Ext.swift */ = {isa = PBXFileReference; lastKnownFileType = sourcecode.swift; path = "UIView+Ext.swift"; sourceTree = "<group>"; };
		CABAA304299BCEE100C5EBC6 /* String+Ext.swift */ = {isa = PBXFileReference; lastKnownFileType = sourcecode.swift; path = "String+Ext.swift"; sourceTree = "<group>"; };
		CABAA306299D34A900C5EBC6 /* PinNumberController.swift */ = {isa = PBXFileReference; lastKnownFileType = sourcecode.swift; path = PinNumberController.swift; sourceTree = "<group>"; };
		CABAA30829A1941600C5EBC6 /* TermsController.swift */ = {isa = PBXFileReference; lastKnownFileType = sourcecode.swift; path = TermsController.swift; sourceTree = "<group>"; };
		CABAA30A29A19EB900C5EBC6 /* UIButton+Ext.swift */ = {isa = PBXFileReference; lastKnownFileType = sourcecode.swift; path = "UIButton+Ext.swift"; sourceTree = "<group>"; };
		CABAA30C29A2AED600C5EBC6 /* SelectUsernameController.swift */ = {isa = PBXFileReference; lastKnownFileType = sourcecode.swift; path = SelectUsernameController.swift; sourceTree = "<group>"; };
		CABAA30E29A2C8EE00C5EBC6 /* TabViewController.swift */ = {isa = PBXFileReference; lastKnownFileType = sourcecode.swift; path = TabViewController.swift; sourceTree = "<group>"; };
		CABAA31129A2C95A00C5EBC6 /* HomeController.swift */ = {isa = PBXFileReference; lastKnownFileType = sourcecode.swift; path = HomeController.swift; sourceTree = "<group>"; };
		CABAA31329A2C9B500C5EBC6 /* SearchController.swift */ = {isa = PBXFileReference; lastKnownFileType = sourcecode.swift; path = SearchController.swift; sourceTree = "<group>"; };
		CABAA31529A2C9C300C5EBC6 /* InboxController.swift */ = {isa = PBXFileReference; lastKnownFileType = sourcecode.swift; path = InboxController.swift; sourceTree = "<group>"; };
		CABAA31729A2C9D000C5EBC6 /* WalletController.swift */ = {isa = PBXFileReference; lastKnownFileType = sourcecode.swift; path = WalletController.swift; sourceTree = "<group>"; };
		CABAA31929A2CB8000C5EBC6 /* VideoController.swift */ = {isa = PBXFileReference; lastKnownFileType = sourcecode.swift; path = VideoController.swift; sourceTree = "<group>"; };
		CABAA31B29A3104100C5EBC6 /* SettingsCollectionViewCell.swift */ = {isa = PBXFileReference; lastKnownFileType = sourcecode.swift; path = SettingsCollectionViewCell.swift; sourceTree = "<group>"; };
		CABAA31D29A311AC00C5EBC6 /* SettingsItem.swift */ = {isa = PBXFileReference; lastKnownFileType = sourcecode.swift; path = SettingsItem.swift; sourceTree = "<group>"; };
/* End PBXFileReference section */

/* Begin PBXFrameworksBuildPhase section */
		CAA90C752994171C0013A654 /* Frameworks */ = {
			isa = PBXFrameworksBuildPhase;
			buildActionMask = 2147483647;
			files = (
				CAA90C98299419BE0013A654 /* TinyConstraints in Frameworks */,
			);
			runOnlyForDeploymentPostprocessing = 0;
		};
/* End PBXFrameworksBuildPhase section */

/* Begin PBXGroup section */
		CA55DF4129B16A3100C54B35 /* Collection View Cells */ = {
			isa = PBXGroup;
			children = (
				CABAA31B29A3104100C5EBC6 /* SettingsCollectionViewCell.swift */,
				CA55DF3F29B16A1400C54B35 /* ForYouCollectionViewCell.swift */,
				CA55DF4E29BCF7F100C54B35 /* EffectsCollectionViewCell.swift */,
				CA55DF5A29C66AFC00C54B35 /* GoLiveCommentCollectionViewCell.swift */,
			);
			path = "Collection View Cells";
			sourceTree = "<group>";
		};
		CA55DFA229D11D7000C54B35 /* TableView Cells */ = {
			isa = PBXGroup;
			children = (
				CA55DFA329D11D8D00C54B35 /* AvailableMusicTableViewCell.swift */,
			);
			path = "TableView Cells";
			sourceTree = "<group>";
		};
		CAA90C6F2994171C0013A654 = {
			isa = PBXGroup;
			children = (
				CAA90C7A2994171C0013A654 /* Project-Kwicky */,
				CAA90C792994171C0013A654 /* Products */,
			);
			sourceTree = "<group>";
		};
		CAA90C792994171C0013A654 /* Products */ = {
			isa = PBXGroup;
			children = (
				CAA90C782994171C0013A654 /* Project-Kwicky.app */,
			);
			name = Products;
			sourceTree = "<group>";
		};
		CAA90C7A2994171C0013A654 /* Project-Kwicky */ = {
			isa = PBXGroup;
			children = (
				CAA90C99299419E30013A654 /* Helpers */,
				CAA90C952994199A0013A654 /* Models */,
				CAA90C94299419960013A654 /* Git */,
				CAA90C932994198F0013A654 /* Extensions */,
				CAA90C92299419890013A654 /* Assets */,
				CAA90C91299419810013A654 /* Views */,
				CAA90C902994197A0013A654 /* View Controllers */,
				CAA90C8F299419720013A654 /* Admin */,
			);
			path = "Project-Kwicky";
			sourceTree = "<group>";
		};
		CAA90C8F299419720013A654 /* Admin */ = {
			isa = PBXGroup;
			children = (
				CAA90C7D2994171C0013A654 /* SceneDelegate.swift */,
				CAA90C7B2994171C0013A654 /* AppDelegate.swift */,
				CAA90C862994171E0013A654 /* LaunchScreen.storyboard */,
				CAA90C892994171E0013A654 /* Info.plist */,
			);
			path = Admin;
			sourceTree = "<group>";
		};
		CAA90C902994197A0013A654 /* View Controllers */ = {
			isa = PBXGroup;
			children = (
				CA55DF1D29A6CBCA00C54B35 /* AccountController.swift */,
				CAA90C7F2994171C0013A654 /* DecisionController.swift */,
				CA55DF1B29A674F000C54B35 /* FollowInviteFriendsController.swift */,
				CA55DF5629C4D59800C54B35 /* GoLiveVideoController.swift */,
				CABAA31129A2C95A00C5EBC6 /* HomeController.swift */,
				CABAA31529A2C9C300C5EBC6 /* InboxController.swift */,
				CA55DF4829B8DE4A00C54B35 /* KwiksLiveVideoPlayerController.swift */,
				CA55DF4629B8DE3A00C54B35 /* KwiksVideoPlayerController.swift */,
				CA55DF5229BD2AFE00C54B35 /* KwikyController.swift */,
				CA55DF1F29A7D32100C54B35 /* NotificationsController.swift */,
				CA55DF2929AA966A00C54B35 /* ProfileController.swift */,
				CABAA31329A2C9B500C5EBC6 /* SearchController.swift */,
				CA55DF2729AA94EF00C54B35 /* SettingsController.swift */,
				CABAA30E29A2C8EE00C5EBC6 /* TabViewController.swift */,
				CA55DF2D29AC06F600C54B35 /* UploadImageController.swift */,
				CABAA31929A2CB8000C5EBC6 /* VideoController.swift */,
				CA55DF5429C3C54E00C54B35 /* VideoFileSaveController.swift */,
				CABAA31729A2C9D000C5EBC6 /* WalletController.swift */,
				CABAA31029A2C92000C5EBC6 /* Onboarding */,
				CA55DF9C29D110FE00C54B35 /* AddMusicToVideoViewController.swift */,
			);
			path = "View Controllers";
			sourceTree = "<group>";
		};
		CAA90C91299419810013A654 /* Views */ = {
			isa = PBXGroup;
			children = (
				CA55DFA229D11D7000C54B35 /* TableView Cells */,
				CA55DF4129B16A3100C54B35 /* Collection View Cells */,
			);
			path = Views;
			sourceTree = "<group>";
		};
		CAA90C92299419890013A654 /* Assets */ = {
			isa = PBXGroup;
			children = (
				CA55DF5829C649D100C54B35 /* KwiksLiveTestVideo.mp4 */,
				CA55DF4C29BAC9A000C54B35 /* KwiksTestVideo.mp4 */,
				CAA90C9E29941DA40013A654 /* Fonts */,
				CAA90C842994171E0013A654 /* Assets.xcassets */,
			);
			path = Assets;
			sourceTree = "<group>";
		};
		CAA90C932994198F0013A654 /* Extensions */ = {
			isa = PBXGroup;
			children = (
				CAA90C9A29941ACD0013A654 /* UIColor+Ext.swift */,
				CAA90C9C29941AEE0013A654 /* UIFont+Ext.swift */,
				CABAA2F829945D1C00C5EBC6 /* UIImage+Ext.swift */,
				CABAA3022999609200C5EBC6 /* UIView+Ext.swift */,
				CABAA304299BCEE100C5EBC6 /* String+Ext.swift */,
				CABAA30A29A19EB900C5EBC6 /* UIButton+Ext.swift */,
				CA55DF2129A7E87C00C54B35 /* UIImageView+Ext.swift */,
				CA55DF2329A7E8CF00C54B35 /* UILabel+Ext.swift */,
				CA55DF4229B17FAA00C54B35 /* UITextField+Ext.swift */,
				CA55DF4429B27CAC00C54B35 /* ServiceSingleton.swift */,
				CA55DF4A29BA268000C54B35 /* Statics.swift */,
			);
			path = Extensions;
			sourceTree = "<group>";
		};
		CAA90C94299419960013A654 /* Git */ = {
			isa = PBXGroup;
			children = (
			);
			path = Git;
			sourceTree = "<group>";
		};
		CAA90C952994199A0013A654 /* Models */ = {
			isa = PBXGroup;
			children = (
				CA55DF5029BCFA7900C54B35 /* Effect.swift */,
				CA55DF3929AF9E9100C54B35 /* KwiksNotification.swift */,
				CA55DF9E29D1127100C54B35 /* KwiksSaleProduct.swift */,
				CA55DF3D29AFA13100C54B35 /* KwiksUserAnalytics.swift */,
				CA55DF3329AF9B0500C54B35 /* KwiksVideo.swift */,
				CA55DF3729AF9DB700C54B35 /* KwiksVideoAnalytics.swift */,
				CA55DF3529AF9D7E00C54B35 /* KwiksWallet.swift */,
				CABAA31D29A311AC00C5EBC6 /* SettingsItem.swift */,
				CA55DF3B29AF9FBF00C54B35 /* SocialMediaLink.swift */,
				CA55DF3129AF9A9B00C54B35 /* User.swift */,
				CA55DFA529D1234000C54B35 /* AvailableMusic.swift */,
			);
			path = Models;
			sourceTree = "<group>";
		};
		CAA90C99299419E30013A654 /* Helpers */ = {
			isa = PBXGroup;
			children = (
				CA55DFA029D1140400C54B35 /* GlobalVariables.swift */,
			);
			path = Helpers;
			sourceTree = "<group>";
		};
		CAA90C9E29941DA40013A654 /* Fonts */ = {
			isa = PBXGroup;
			children = (
				CABAA2ED29942F9300C5EBC6 /* segoeui.ttf */,
				CABAA2EF29942FCD00C5EBC6 /* segoeui-bold.ttf */,
				CABAA2F129942FF500C5EBC6 /* segoeui-semibold.ttf */,
				CAA90CAA2994205B0013A654 /* Inter-Black.ttf */,
				CAA90CAD2994205B0013A654 /* Inter-Bold.ttf */,
				CAA90CAC2994205B0013A654 /* Inter-ExtraBold.ttf */,
				CAA90CA82994205B0013A654 /* Inter-ExtraLight.ttf */,
				CAA90CAE2994205B0013A654 /* Inter-Light.ttf */,
				CAA90CAF2994205B0013A654 /* Inter-Medium.ttf */,
				CAA90CAB2994205B0013A654 /* Inter-Regular.ttf */,
				CAA90CA72994205B0013A654 /* Inter-SemiBold.ttf */,
				CAA90CA92994205B0013A654 /* Inter-Thin.ttf */,
			);
			path = Fonts;
			sourceTree = "<group>";
		};
		CABAA31029A2C92000C5EBC6 /* Onboarding */ = {
			isa = PBXGroup;
			children = (
				CABAA2FA299805F600C5EBC6 /* LoginController.swift */,
				CABAA306299D34A900C5EBC6 /* PinNumberController.swift */,
				CABAA30C29A2AED600C5EBC6 /* SelectUsernameController.swift */,
				CABAA2F42994493200C5EBC6 /* SignUpController.swift */,
				CABAA2FE2998340800C5EBC6 /* SignUpDetailController.swift */,
				CABAA30829A1941600C5EBC6 /* TermsController.swift */,
			);
			path = Onboarding;
			sourceTree = "<group>";
		};
/* End PBXGroup section */

/* Begin PBXNativeTarget section */
		CAA90C772994171C0013A654 /* Project-Kwicky */ = {
			isa = PBXNativeTarget;
			buildConfigurationList = CAA90C8C2994171E0013A654 /* Build configuration list for PBXNativeTarget "Project-Kwicky" */;
			buildPhases = (
				CAA90C742994171C0013A654 /* Sources */,
				CAA90C752994171C0013A654 /* Frameworks */,
				CAA90C762994171C0013A654 /* Resources */,
			);
			buildRules = (
			);
			dependencies = (
			);
			name = "Project-Kwicky";
			packageProductDependencies = (
				CAA90C97299419BE0013A654 /* TinyConstraints */,
			);
			productName = "Project-Kwicky";
			productReference = CAA90C782994171C0013A654 /* Project-Kwicky.app */;
			productType = "com.apple.product-type.application";
		};
/* End PBXNativeTarget section */

/* Begin PBXProject section */
		CAA90C702994171C0013A654 /* Project object */ = {
			isa = PBXProject;
			attributes = {
				BuildIndependentTargetsInParallel = 1;
				LastSwiftUpdateCheck = 1420;
				LastUpgradeCheck = 1420;
				TargetAttributes = {
					CAA90C772994171C0013A654 = {
						CreatedOnToolsVersion = 14.2;
					};
				};
			};
			buildConfigurationList = CAA90C732994171C0013A654 /* Build configuration list for PBXProject "Project-Kwicky" */;
			compatibilityVersion = "Xcode 14.0";
			developmentRegion = en;
			hasScannedForEncodings = 0;
			knownRegions = (
				en,
				Base,
			);
			mainGroup = CAA90C6F2994171C0013A654;
			packageReferences = (
				CAA90C96299419BE0013A654 /* XCRemoteSwiftPackageReference "TinyConstraints" */,
			);
			productRefGroup = CAA90C792994171C0013A654 /* Products */;
			projectDirPath = "";
			projectRoot = "";
			targets = (
				CAA90C772994171C0013A654 /* Project-Kwicky */,
			);
		};
/* End PBXProject section */

/* Begin PBXResourcesBuildPhase section */
		CAA90C762994171C0013A654 /* Resources */ = {
			isa = PBXResourcesBuildPhase;
			buildActionMask = 2147483647;
			files = (
				CAA90C882994171E0013A654 /* LaunchScreen.storyboard in Resources */,
				CABAA2F3299430DD00C5EBC6 /* segoeui-semibold.ttf in Resources */,
				CAA90CB42994205B0013A654 /* Inter-Regular.ttf in Resources */,
				CAA90CB62994205B0013A654 /* Inter-Bold.ttf in Resources */,
				CAA90CB12994205B0013A654 /* Inter-ExtraLight.ttf in Resources */,
				CAA90CB52994205B0013A654 /* Inter-ExtraBold.ttf in Resources */,
				CA55DF5929C649D100C54B35 /* KwiksLiveTestVideo.mp4 in Resources */,
				CAA90CB02994205B0013A654 /* Inter-SemiBold.ttf in Resources */,
				CAA90C852994171E0013A654 /* Assets.xcassets in Resources */,
				CAA90CB22994205B0013A654 /* Inter-Thin.ttf in Resources */,
				CABAA2EE29942F9300C5EBC6 /* segoeui.ttf in Resources */,
				CA55DF4D29BAC9A000C54B35 /* KwiksTestVideo.mp4 in Resources */,
				CABAA2F029942FCD00C5EBC6 /* segoeui-bold.ttf in Resources */,
				CAA90CB82994205B0013A654 /* Inter-Medium.ttf in Resources */,
				CAA90CB72994205B0013A654 /* Inter-Light.ttf in Resources */,
				CAA90CB32994205B0013A654 /* Inter-Black.ttf in Resources */,
			);
			runOnlyForDeploymentPostprocessing = 0;
		};
/* End PBXResourcesBuildPhase section */

/* Begin PBXSourcesBuildPhase section */
		CAA90C742994171C0013A654 /* Sources */ = {
			isa = PBXSourcesBuildPhase;
			buildActionMask = 2147483647;
			files = (
				CABAA307299D34AA00C5EBC6 /* PinNumberController.swift in Sources */,
				CABAA31429A2C9B500C5EBC6 /* SearchController.swift in Sources */,
				CA55DF5129BCFA7900C54B35 /* Effect.swift in Sources */,
				CABAA2F929945D1C00C5EBC6 /* UIImage+Ext.swift in Sources */,
				CAA90C802994171C0013A654 /* DecisionController.swift in Sources */,
				CA55DFA129D1140400C54B35 /* GlobalVariables.swift in Sources */,
				CABAA2FF2998340800C5EBC6 /* SignUpDetailController.swift in Sources */,
				CA55DF5B29C66AFC00C54B35 /* GoLiveCommentCollectionViewCell.swift in Sources */,
				CABAA31E29A311AC00C5EBC6 /* SettingsItem.swift in Sources */,
				CA55DF4F29BCF7F100C54B35 /* EffectsCollectionViewCell.swift in Sources */,
				CA55DF4729B8DE3A00C54B35 /* KwiksVideoPlayerController.swift in Sources */,
				CA55DF2A29AA966A00C54B35 /* ProfileController.swift in Sources */,
				CA55DF3A29AF9E9100C54B35 /* KwiksNotification.swift in Sources */,
				CA55DFA429D11D8D00C54B35 /* AvailableMusicTableViewCell.swift in Sources */,
				CA55DF2829AA94EF00C54B35 /* SettingsController.swift in Sources */,
				CAA90C9B29941ACD0013A654 /* UIColor+Ext.swift in Sources */,
				CA55DF3E29AFA13100C54B35 /* KwiksUserAnalytics.swift in Sources */,
				CA55DF4329B17FAA00C54B35 /* UITextField+Ext.swift in Sources */,
				CABAA30B29A19EB900C5EBC6 /* UIButton+Ext.swift in Sources */,
				CAA90C7C2994171C0013A654 /* AppDelegate.swift in Sources */,
				CA55DF4B29BA268100C54B35 /* Statics.swift in Sources */,
				CA55DF9D29D110FE00C54B35 /* AddMusicToVideoViewController.swift in Sources */,
				CA55DF5529C3C54E00C54B35 /* VideoFileSaveController.swift in Sources */,
				CAA90C7E2994171C0013A654 /* SceneDelegate.swift in Sources */,
				CABAA305299BCEE100C5EBC6 /* String+Ext.swift in Sources */,
				CA55DF3629AF9D7E00C54B35 /* KwiksWallet.swift in Sources */,
				CA55DF1E29A6CBCA00C54B35 /* AccountController.swift in Sources */,
				CAA90C9D29941AEE0013A654 /* UIFont+Ext.swift in Sources */,
				CA55DF3429AF9B0500C54B35 /* KwiksVideo.swift in Sources */,
				CABAA30929A1941600C5EBC6 /* TermsController.swift in Sources */,
				CA55DF4029B16A1400C54B35 /* ForYouCollectionViewCell.swift in Sources */,
				CABAA31629A2C9C300C5EBC6 /* InboxController.swift in Sources */,
				CA55DF1C29A674F000C54B35 /* FollowInviteFriendsController.swift in Sources */,
				CA55DF5329BD2AFE00C54B35 /* KwikyController.swift in Sources */,
				CA55DF2429A7E8CF00C54B35 /* UILabel+Ext.swift in Sources */,
				CA55DF2E29AC06F600C54B35 /* UploadImageController.swift in Sources */,
				CABAA3032999609200C5EBC6 /* UIView+Ext.swift in Sources */,
				CABAA30F29A2C8EE00C5EBC6 /* TabViewController.swift in Sources */,
				CA55DFA629D1234000C54B35 /* AvailableMusic.swift in Sources */,
				CABAA31A29A2CB8000C5EBC6 /* VideoController.swift in Sources */,
				CA55DF3829AF9DB700C54B35 /* KwiksVideoAnalytics.swift in Sources */,
				CA55DF4929B8DE4A00C54B35 /* KwiksLiveVideoPlayerController.swift in Sources */,
				CA55DF2229A7E87C00C54B35 /* UIImageView+Ext.swift in Sources */,
				CABAA31229A2C95A00C5EBC6 /* HomeController.swift in Sources */,
				CA55DF2029A7D32100C54B35 /* NotificationsController.swift in Sources */,
				CABAA30D29A2AED600C5EBC6 /* SelectUsernameController.swift in Sources */,
				CA55DF5729C4D59800C54B35 /* GoLiveVideoController.swift in Sources */,
				CABAA31829A2C9D000C5EBC6 /* WalletController.swift in Sources */,
				CABAA2FB299805F600C5EBC6 /* LoginController.swift in Sources */,
				CABAA31C29A3104100C5EBC6 /* SettingsCollectionViewCell.swift in Sources */,
				CABAA2F52994493200C5EBC6 /* SignUpController.swift in Sources */,
				CA55DF9F29D1127100C54B35 /* KwiksSaleProduct.swift in Sources */,
				CA55DF4529B27CAC00C54B35 /* ServiceSingleton.swift in Sources */,
				CA55DF3229AF9A9B00C54B35 /* User.swift in Sources */,
				CA55DF3C29AF9FBF00C54B35 /* SocialMediaLink.swift in Sources */,
			);
			runOnlyForDeploymentPostprocessing = 0;
		};
/* End PBXSourcesBuildPhase section */

/* Begin PBXVariantGroup section */
		CAA90C862994171E0013A654 /* LaunchScreen.storyboard */ = {
			isa = PBXVariantGroup;
			children = (
				CAA90C872994171E0013A654 /* Base */,
			);
			name = LaunchScreen.storyboard;
			sourceTree = "<group>";
		};
/* End PBXVariantGroup section */

/* Begin XCBuildConfiguration section */
		CAA90C8A2994171E0013A654 /* Debug */ = {
			isa = XCBuildConfiguration;
			buildSettings = {
				ALWAYS_SEARCH_USER_PATHS = NO;
				CLANG_ANALYZER_NONNULL = YES;
				CLANG_ANALYZER_NUMBER_OBJECT_CONVERSION = YES_AGGRESSIVE;
				CLANG_CXX_LANGUAGE_STANDARD = "gnu++20";
				CLANG_ENABLE_MODULES = YES;
				CLANG_ENABLE_OBJC_ARC = YES;
				CLANG_ENABLE_OBJC_WEAK = YES;
				CLANG_WARN_BLOCK_CAPTURE_AUTORELEASING = YES;
				CLANG_WARN_BOOL_CONVERSION = YES;
				CLANG_WARN_COMMA = YES;
				CLANG_WARN_CONSTANT_CONVERSION = YES;
				CLANG_WARN_DEPRECATED_OBJC_IMPLEMENTATIONS = YES;
				CLANG_WARN_DIRECT_OBJC_ISA_USAGE = YES_ERROR;
				CLANG_WARN_DOCUMENTATION_COMMENTS = YES;
				CLANG_WARN_EMPTY_BODY = YES;
				CLANG_WARN_ENUM_CONVERSION = YES;
				CLANG_WARN_INFINITE_RECURSION = YES;
				CLANG_WARN_INT_CONVERSION = YES;
				CLANG_WARN_NON_LITERAL_NULL_CONVERSION = YES;
				CLANG_WARN_OBJC_IMPLICIT_RETAIN_SELF = YES;
				CLANG_WARN_OBJC_LITERAL_CONVERSION = YES;
				CLANG_WARN_OBJC_ROOT_CLASS = YES_ERROR;
				CLANG_WARN_QUOTED_INCLUDE_IN_FRAMEWORK_HEADER = YES;
				CLANG_WARN_RANGE_LOOP_ANALYSIS = YES;
				CLANG_WARN_STRICT_PROTOTYPES = YES;
				CLANG_WARN_SUSPICIOUS_MOVE = YES;
				CLANG_WARN_UNGUARDED_AVAILABILITY = YES_AGGRESSIVE;
				CLANG_WARN_UNREACHABLE_CODE = YES;
				CLANG_WARN__DUPLICATE_METHOD_MATCH = YES;
				COPY_PHASE_STRIP = NO;
				DEBUG_INFORMATION_FORMAT = dwarf;
				ENABLE_STRICT_OBJC_MSGSEND = YES;
				ENABLE_TESTABILITY = YES;
				GCC_C_LANGUAGE_STANDARD = gnu11;
				GCC_DYNAMIC_NO_PIC = NO;
				GCC_NO_COMMON_BLOCKS = YES;
				GCC_OPTIMIZATION_LEVEL = 0;
				GCC_PREPROCESSOR_DEFINITIONS = (
					"DEBUG=1",
					"$(inherited)",
				);
				GCC_WARN_64_TO_32_BIT_CONVERSION = YES;
				GCC_WARN_ABOUT_RETURN_TYPE = YES_ERROR;
				GCC_WARN_UNDECLARED_SELECTOR = YES;
				GCC_WARN_UNINITIALIZED_AUTOS = YES_AGGRESSIVE;
				GCC_WARN_UNUSED_FUNCTION = YES;
				GCC_WARN_UNUSED_VARIABLE = YES;
				IPHONEOS_DEPLOYMENT_TARGET = 16.2;
				MTL_ENABLE_DEBUG_INFO = INCLUDE_SOURCE;
				MTL_FAST_MATH = YES;
				ONLY_ACTIVE_ARCH = YES;
				SDKROOT = iphoneos;
				SWIFT_ACTIVE_COMPILATION_CONDITIONS = DEBUG;
				SWIFT_OPTIMIZATION_LEVEL = "-Onone";
			};
			name = Debug;
		};
		CAA90C8B2994171E0013A654 /* Release */ = {
			isa = XCBuildConfiguration;
			buildSettings = {
				ALWAYS_SEARCH_USER_PATHS = NO;
				CLANG_ANALYZER_NONNULL = YES;
				CLANG_ANALYZER_NUMBER_OBJECT_CONVERSION = YES_AGGRESSIVE;
				CLANG_CXX_LANGUAGE_STANDARD = "gnu++20";
				CLANG_ENABLE_MODULES = YES;
				CLANG_ENABLE_OBJC_ARC = YES;
				CLANG_ENABLE_OBJC_WEAK = YES;
				CLANG_WARN_BLOCK_CAPTURE_AUTORELEASING = YES;
				CLANG_WARN_BOOL_CONVERSION = YES;
				CLANG_WARN_COMMA = YES;
				CLANG_WARN_CONSTANT_CONVERSION = YES;
				CLANG_WARN_DEPRECATED_OBJC_IMPLEMENTATIONS = YES;
				CLANG_WARN_DIRECT_OBJC_ISA_USAGE = YES_ERROR;
				CLANG_WARN_DOCUMENTATION_COMMENTS = YES;
				CLANG_WARN_EMPTY_BODY = YES;
				CLANG_WARN_ENUM_CONVERSION = YES;
				CLANG_WARN_INFINITE_RECURSION = YES;
				CLANG_WARN_INT_CONVERSION = YES;
				CLANG_WARN_NON_LITERAL_NULL_CONVERSION = YES;
				CLANG_WARN_OBJC_IMPLICIT_RETAIN_SELF = YES;
				CLANG_WARN_OBJC_LITERAL_CONVERSION = YES;
				CLANG_WARN_OBJC_ROOT_CLASS = YES_ERROR;
				CLANG_WARN_QUOTED_INCLUDE_IN_FRAMEWORK_HEADER = YES;
				CLANG_WARN_RANGE_LOOP_ANALYSIS = YES;
				CLANG_WARN_STRICT_PROTOTYPES = YES;
				CLANG_WARN_SUSPICIOUS_MOVE = YES;
				CLANG_WARN_UNGUARDED_AVAILABILITY = YES_AGGRESSIVE;
				CLANG_WARN_UNREACHABLE_CODE = YES;
				CLANG_WARN__DUPLICATE_METHOD_MATCH = YES;
				COPY_PHASE_STRIP = NO;
				DEBUG_INFORMATION_FORMAT = "dwarf-with-dsym";
				ENABLE_NS_ASSERTIONS = NO;
				ENABLE_STRICT_OBJC_MSGSEND = YES;
				GCC_C_LANGUAGE_STANDARD = gnu11;
				GCC_NO_COMMON_BLOCKS = YES;
				GCC_WARN_64_TO_32_BIT_CONVERSION = YES;
				GCC_WARN_ABOUT_RETURN_TYPE = YES_ERROR;
				GCC_WARN_UNDECLARED_SELECTOR = YES;
				GCC_WARN_UNINITIALIZED_AUTOS = YES_AGGRESSIVE;
				GCC_WARN_UNUSED_FUNCTION = YES;
				GCC_WARN_UNUSED_VARIABLE = YES;
				IPHONEOS_DEPLOYMENT_TARGET = 16.2;
				MTL_ENABLE_DEBUG_INFO = NO;
				MTL_FAST_MATH = YES;
				SDKROOT = iphoneos;
				SWIFT_COMPILATION_MODE = wholemodule;
				SWIFT_OPTIMIZATION_LEVEL = "-O";
				VALIDATE_PRODUCT = YES;
			};
			name = Release;
		};
		CAA90C8D2994171E0013A654 /* Debug */ = {
			isa = XCBuildConfiguration;
			buildSettings = {
				ASSETCATALOG_COMPILER_APPICON_NAME = AppIcon;
				ASSETCATALOG_COMPILER_GLOBAL_ACCENT_COLOR_NAME = AccentColor;
				CODE_SIGN_STYLE = Automatic;
				CURRENT_PROJECT_VERSION = 1;
				DEVELOPMENT_TEAM = F5J6ZLKCR8;
				GENERATE_INFOPLIST_FILE = YES;
				INFOPLIST_FILE = "/Users/smiller/Downloads/Project-Kwicky/Project-Kwicky/Admin/Info.plist";
				INFOPLIST_KEY_UIApplicationSupportsIndirectInputEvents = YES;
				INFOPLIST_KEY_UILaunchStoryboardName = LaunchScreen;
				INFOPLIST_KEY_UISupportedInterfaceOrientations_iPad = "UIInterfaceOrientationPortrait UIInterfaceOrientationPortraitUpsideDown UIInterfaceOrientationLandscapeLeft UIInterfaceOrientationLandscapeRight";
				INFOPLIST_KEY_UISupportedInterfaceOrientations_iPhone = "UIInterfaceOrientationPortrait UIInterfaceOrientationLandscapeLeft UIInterfaceOrientationLandscapeRight";
				LD_RUNPATH_SEARCH_PATHS = (
					"$(inherited)",
					"@executable_path/Frameworks",
				);
				MARKETING_VERSION = 1.0;
				PRODUCT_BUNDLE_IDENTIFIER = "com.clearsyntax.Project-Kwicky";
				PRODUCT_NAME = "$(TARGET_NAME)";
				SWIFT_EMIT_LOC_STRINGS = YES;
				SWIFT_VERSION = 5.0;
				TARGETED_DEVICE_FAMILY = "1,2";
			};
			name = Debug;
		};
		CAA90C8E2994171E0013A654 /* Release */ = {
			isa = XCBuildConfiguration;
			buildSettings = {
				ASSETCATALOG_COMPILER_APPICON_NAME = AppIcon;
				ASSETCATALOG_COMPILER_GLOBAL_ACCENT_COLOR_NAME = AccentColor;
				CODE_SIGN_STYLE = Automatic;
				CURRENT_PROJECT_VERSION = 1;
				DEVELOPMENT_TEAM = F5J6ZLKCR8;
				GENERATE_INFOPLIST_FILE = YES;
				INFOPLIST_FILE = "/Users/smiller/Downloads/Project-Kwicky/Project-Kwicky/Admin/Info.plist";
				INFOPLIST_KEY_UIApplicationSupportsIndirectInputEvents = YES;
				INFOPLIST_KEY_UILaunchStoryboardName = LaunchScreen;
				INFOPLIST_KEY_UISupportedInterfaceOrientations_iPad = "UIInterfaceOrientationPortrait UIInterfaceOrientationPortraitUpsideDown UIInterfaceOrientationLandscapeLeft UIInterfaceOrientationLandscapeRight";
				INFOPLIST_KEY_UISupportedInterfaceOrientations_iPhone = "UIInterfaceOrientationPortrait UIInterfaceOrientationLandscapeLeft UIInterfaceOrientationLandscapeRight";
				LD_RUNPATH_SEARCH_PATHS = (
					"$(inherited)",
					"@executable_path/Frameworks",
				);
				MARKETING_VERSION = 1.0;
				PRODUCT_BUNDLE_IDENTIFIER = "com.clearsyntax.Project-Kwicky";
				PRODUCT_NAME = "$(TARGET_NAME)";
				SWIFT_EMIT_LOC_STRINGS = YES;
				SWIFT_VERSION = 5.0;
				TARGETED_DEVICE_FAMILY = "1,2";
			};
			name = Release;
		};
/* End XCBuildConfiguration section */

/* Begin XCConfigurationList section */
		CAA90C732994171C0013A654 /* Build configuration list for PBXProject "Project-Kwicky" */ = {
			isa = XCConfigurationList;
			buildConfigurations = (
				CAA90C8A2994171E0013A654 /* Debug */,
				CAA90C8B2994171E0013A654 /* Release */,
			);
			defaultConfigurationIsVisible = 0;
			defaultConfigurationName = Release;
		};
		CAA90C8C2994171E0013A654 /* Build configuration list for PBXNativeTarget "Project-Kwicky" */ = {
			isa = XCConfigurationList;
			buildConfigurations = (
				CAA90C8D2994171E0013A654 /* Debug */,
				CAA90C8E2994171E0013A654 /* Release */,
			);
			defaultConfigurationIsVisible = 0;
			defaultConfigurationName = Release;
		};
/* End XCConfigurationList section */

/* Begin XCRemoteSwiftPackageReference section */
		CAA90C96299419BE0013A654 /* XCRemoteSwiftPackageReference "TinyConstraints" */ = {
			isa = XCRemoteSwiftPackageReference;
			repositoryURL = "https://github.com/roberthein/TinyConstraints";
			requirement = {
				kind = upToNextMajorVersion;
				minimumVersion = 4.0.0;
			};
		};
/* End XCRemoteSwiftPackageReference section */

/* Begin XCSwiftPackageProductDependency section */
		CAA90C97299419BE0013A654 /* TinyConstraints */ = {
			isa = XCSwiftPackageProductDependency;
			package = CAA90C96299419BE0013A654 /* XCRemoteSwiftPackageReference "TinyConstraints" */;
			productName = TinyConstraints;
		};
/* End XCSwiftPackageProductDependency section */
	};
	rootObject = CAA90C702994171C0013A654 /* Project object */;
}
